
Microsoft Visual Studio Solution File, Format Version 12.00
# Visual Studio Version 17
VisualStudioVersion = 17.10.34928.147
MinimumVisualStudioVersion = 10.0.40219.1
Project("{FAE04EC0-301F-11D3-BF4B-00C04F79EFBC}") = "MarketOtomasyon.Entities", "MarketOtomasyon.Entities\MarketOtomasyon.Entities.csproj", "{916BEA48-8F60-4A44-BA2B-142598A7D631}"
EndProject
Project("{FAE04EC0-301F-11D3-BF4B-00C04F79EFBC}") = "MarketOtomasyon.Repository", "MarketOtomasyon.Repository\MarketOtomasyon.Repository.csproj", "{DA2EFF96-9910-4048-96A0-3BD2B2879F59}"
EndProject
Project("{FAE04EC0-301F-11D3-BF4B-00C04F79EFBC}") = "MarketOtomasyon.FormUI", "MarketOtomasyon.FormUI\MarketOtomasyon.FormUI.csproj", "{59E3AB5E-CC77-4008-BD41-DF7CCF378779}"
EndProject
Project("{FAE04EC0-301F-11D3-BF4B-00C04F79EFBC}") = "MarketOtomasyon.Services", "MarketOtomasyon.Services\MarketOtomasyon.Services.csproj", "{C0771355-3179-4B24-978D-0E5B2CABC3B0}"
EndProject
Global
	GlobalSection(SolutionConfigurationPlatforms) = preSolution
		Debug|Any CPU = Debug|Any CPU
		Release|Any CPU = Release|Any CPU
	EndGlobalSection
	GlobalSection(ProjectConfigurationPlatforms) = postSolution
		{916BEA48-8F60-4A44-BA2B-142598A7D631}.Debug|Any CPU.ActiveCfg = Debug|Any CPU
		{916BEA48-8F60-4A44-BA2B-142598A7D631}.Debug|Any CPU.Build.0 = Debug|Any CPU
		{916BEA48-8F60-4A44-BA2B-142598A7D631}.Release|Any CPU.ActiveCfg = Release|Any CPU
		{916BEA48-8F60-4A44-BA2B-142598A7D631}.Release|Any CPU.Build.0 = Release|Any CPU
		{DA2EFF96-9910-4048-96A0-3BD2B2879F59}.Debug|Any CPU.ActiveCfg = Debug|Any CPU
		{DA2EFF96-9910-4048-96A0-3BD2B2879F59}.Debug|Any CPU.Build.0 = Debug|Any CPU
		{DA2EFF96-9910-4048-96A0-3BD2B2879F59}.Release|Any CPU.ActiveCfg = Release|Any CPU
		{DA2EFF96-9910-4048-96A0-3BD2B2879F59}.Release|Any CPU.Build.0 = Release|Any CPU
		{59E3AB5E-CC77-4008-BD41-DF7CCF378779}.Debug|Any CPU.ActiveCfg = Debug|Any CPU
		{59E3AB5E-CC77-4008-BD41-DF7CCF378779}.Debug|Any CPU.Build.0 = Debug|Any CPU
		{59E3AB5E-CC77-4008-BD41-DF7CCF378779}.Release|Any CPU.ActiveCfg = Release|Any CPU
		{59E3AB5E-CC77-4008-BD41-DF7CCF378779}.Release|Any CPU.Build.0 = Release|Any CPU
		{C0771355-3179-4B24-978D-0E5B2CABC3B0}.Debug|Any CPU.ActiveCfg = Debug|Any CPU
		{C0771355-3179-4B24-978D-0E5B2CABC3B0}.Debug|Any CPU.Build.0 = Debug|Any CPU
		{C0771355-3179-4B24-978D-0E5B2CABC3B0}.Release|Any CPU.ActiveCfg = Release|Any CPU
		{C0771355-3179-4B24-978D-0E5B2CABC3B0}.Release|Any CPU.Build.0 = Release|Any CPU
	EndGlobalSection
	GlobalSection(SolutionProperties) = preSolution
		HideSolutionNode = FALSE
	EndGlobalSection
	GlobalSection(ExtensibilityGlobals) = postSolution
		SolutionGuid = {23403216-EBF0-4654-94F6-57A2FDC2A7AF}
	EndGlobalSection
EndGlobal
